{
  "name": "vrpc-nodejs-example",
  "version": "1.0.0",
  "lockfileVersion": 1,
  "requires": true,
  "dependencies": {
    "shortid": {
      "version": "2.2.8",
      "resolved": "https://registry.npmjs.org/shortid/-/shortid-2.2.8.tgz",
      "integrity": "sha1-AzsRfWoul1gE9vCWnb59PQs1UTE="
    },
    "vrpc": {
      "version": "git+https://050a5e60ecd4fafaa5a311080feb16d12c059c16:x-oauth-basic@github.com/bheisen/vrpc.git#425e9543a95ba5edd26194f43eaf6cf5a9572171",
      "requires": {
        "shortid": "2.2.8"
      }
    }
  }
}
