{
  "name": "vrpc-nodejs-example",
  "version": "1.0.0",
  "lockfileVersion": 1,
  "requires": true,
  "dependencies": {
    "shortid": {
      "version": "2.2.8",
      "resolved": "https://registry.npmjs.org/shortid/-/shortid-2.2.8.tgz",
      "integrity": "sha1-AzsRfWoul1gE9vCWnb59PQs1UTE="
    },
    "vrpc": {
      "version": "1.0.0",
      "resolved": "https://registry.npmjs.org/vrpc/-/vrpc-1.0.0.tgz",
      "integrity": "sha512-Jsyu0QWRh880+Xe+kq1eNEqURym5dSqWL1xqoU3jDYwiPKRBTh4ZaDe7WVaOlLo6hbf8QSFJFdOaHD2BArlCrQ==",
      "requires": {
        "shortid": "2.2.8"
      }
    }
  }
}
